
Microsoft Visual Studio Solution File, Format Version 12.00
# Visual Studio Version 16
VisualStudioVersion = 16.0.31205.134
MinimumVisualStudioVersion = 10.0.40219.1
Project("{FAE04EC0-301F-11D3-BF4B-00C04F79EFBC}") = "BookManagement", "BookManagement\BookManagement.csproj", "{7E6DFEDB-AB83-4A00-B89D-2953F99BF622}"
EndProject
Global
	GlobalSection(SolutionConfigurationPlatforms) = preSolution
		Debug|Any CPU = Debug|Any CPU
		Release|Any CPU = Release|Any CPU
	EndGlobalSection
	GlobalSection(ProjectConfigurationPlatforms) = postSolution
		{7E6DFEDB-AB83-4A00-B89D-2953F99BF622}.Debug|Any CPU.ActiveCfg = Debug|Any CPU
		{7E6DFEDB-AB83-4A00-B89D-2953F99BF622}.Debug|Any CPU.Build.0 = Debug|Any CPU
		{7E6DFEDB-AB83-4A00-B89D-2953F99BF622}.Release|Any CPU.ActiveCfg = Release|Any CPU
		{7E6DFEDB-AB83-4A00-B89D-2953F99BF622}.Release|Any CPU.Build.0 = Release|Any CPU
	EndGlobalSection
	GlobalSection(SolutionProperties) = preSolution
		HideSolutionNode = FALSE
	EndGlobalSection
	GlobalSection(ExtensibilityGlobals) = postSolution
		SolutionGuid = {CAF31B3D-7ED1-4EB7-B665-43942DE83B16}
	EndGlobalSection
EndGlobal
